// !$*UTF8*$!
{
	archiveVersion = 1;
	classes = {
	};
	objectVersion = 47;
	objects = {

/* Begin PBXBuildFile section */
		058C8E721B9AAFD200BD7699 /* LeapObjectiveC.mm in Sources */ = {isa = PBXBuildFile; fileRef = 058C8E711B9AAFD200BD7699 /* LeapObjectiveC.mm */; };
		058C8E741B9AAFE600BD7699 /* libLeap.dylib in Frameworks */ = {isa = PBXBuildFile; fileRef = 058C8E731B9AAFE600BD7699 /* libLeap.dylib */; };
		058C8E751B9AAFF900BD7699 /* libLeap.dylib in CopyFiles */ = {isa = PBXBuildFile; fileRef = 058C8E731B9AAFE600BD7699 /* libLeap.dylib */; settings = {ATTRIBUTES = (CodeSignOnCopy, ); }; };
		058EF6401B73B003001AAE4E /* AppDelegate.m in Sources */ = {isa = PBXBuildFile; fileRef = 058EF63F1B73B003001AAE4E /* AppDelegate.m */; };
		058EF6421B73B003001AAE4E /* main.m in Sources */ = {isa = PBXBuildFile; fileRef = 058EF6411B73B003001AAE4E /* main.m */; };
		058EF6451B73B003001AAE4E /* ViewController.m in Sources */ = {isa = PBXBuildFile; fileRef = 058EF6441B73B003001AAE4E /* ViewController.m */; };
		058EF6471B73B003001AAE4E /* Images.xcassets in Resources */ = {isa = PBXBuildFile; fileRef = 058EF6461B73B003001AAE4E /* Images.xcassets */; };
		058EF64A1B73B003001AAE4E /* Main.storyboard in Resources */ = {isa = PBXBuildFile; fileRef = 058EF6481B73B003001AAE4E /* Main.storyboard */; };
		058EF66C1B73B954001AAE4E /* Listener.m in Sources */ = {isa = PBXBuildFile; fileRef = 058EF66B1B73B954001AAE4E /* Listener.m */; };
		058EF6721B73FBAA001AAE4E /* CsvLogger.m in Sources */ = {isa = PBXBuildFile; fileRef = 058EF6711B73FBAA001AAE4E /* CsvLogger.m */; };
		058EF6761B741F0C001AAE4E /* CsvLoggerTests.m in Sources */ = {isa = PBXBuildFile; fileRef = 058EF6751B741F0C001AAE4E /* CsvLoggerTests.m */; };
/* End PBXBuildFile section */

/* Begin PBXContainerItemProxy section */
		058EF6501B73B003001AAE4E /* PBXContainerItemProxy */ = {
			isa = PBXContainerItemProxy;
			containerPortal = 058EF6311B73B003001AAE4E /* Project object */;
			proxyType = 1;
			remoteGlobalIDString = 058EF6381B73B003001AAE4E;
			remoteInfo = LeapLogger;
		};
/* End PBXContainerItemProxy section */

/* Begin PBXCopyFilesBuildPhase section */
		058EF66D1B73BBC6001AAE4E /* CopyFiles */ = {
			isa = PBXCopyFilesBuildPhase;
			buildActionMask = 2147483647;
			dstPath = "";
			dstSubfolderSpec = 6;
			files = (
				058C8E751B9AAFF900BD7699 /* libLeap.dylib in CopyFiles */,
			);
			runOnlyForDeploymentPostprocessing = 0;
		};
/* End PBXCopyFilesBuildPhase section */

/* Begin PBXFileReference section */
		058C8E6E1B9AAFD200BD7699 /* Leap.h */ = {isa = PBXFileReference; fileEncoding = 4; lastKnownFileType = sourcecode.c.h; path = Leap.h; sourceTree = "<group>"; };
		058C8E6F1B9AAFD200BD7699 /* LeapMath.h */ = {isa = PBXFileReference; fileEncoding = 4; lastKnownFileType = sourcecode.c.h; path = LeapMath.h; sourceTree = "<group>"; };
		058C8E701B9AAFD200BD7699 /* LeapObjectiveC.h */ = {isa = PBXFileReference; fileEncoding = 4; lastKnownFileType = sourcecode.c.h; path = LeapObjectiveC.h; sourceTree = "<group>"; };
		058C8E711B9AAFD200BD7699 /* LeapObjectiveC.mm */ = {isa = PBXFileReference; fileEncoding = 4; lastKnownFileType = sourcecode.cpp.objcpp; path = LeapObjectiveC.mm; sourceTree = "<group>"; };
		058C8E731B9AAFE600BD7699 /* libLeap.dylib */ = {isa = PBXFileReference; lastKnownFileType = "compiled.mach-o.dylib"; path = libLeap.dylib; sourceTree = "<group>"; };
		058EF6391B73B003001AAE4E /* LeapLogger.app */ = {isa = PBXFileReference; explicitFileType = wrapper.application; includeInIndex = 0; path = LeapLogger.app; sourceTree = BUILT_PRODUCTS_DIR; };
		058EF63D1B73B003001AAE4E /* Info.plist */ = {isa = PBXFileReference; lastKnownFileType = text.plist.xml; path = Info.plist; sourceTree = "<group>"; };
		058EF63E1B73B003001AAE4E /* AppDelegate.h */ = {isa = PBXFileReference; lastKnownFileType = sourcecode.c.h; path = AppDelegate.h; sourceTree = "<group>"; };
		058EF63F1B73B003001AAE4E /* AppDelegate.m */ = {isa = PBXFileReference; lastKnownFileType = sourcecode.c.objc; path = AppDelegate.m; sourceTree = "<group>"; };
		058EF6411B73B003001AAE4E /* main.m */ = {isa = PBXFileReference; lastKnownFileType = sourcecode.c.objc; path = main.m; sourceTree = "<group>"; };
		058EF6431B73B003001AAE4E /* ViewController.h */ = {isa = PBXFileReference; lastKnownFileType = sourcecode.c.h; path = ViewController.h; sourceTree = "<group>"; };
		058EF6441B73B003001AAE4E /* ViewController.m */ = {isa = PBXFileReference; lastKnownFileType = sourcecode.c.objc; path = ViewController.m; sourceTree = "<group>"; };
		058EF6461B73B003001AAE4E /* Images.xcassets */ = {isa = PBXFileReference; lastKnownFileType = folder.assetcatalog; path = Images.xcassets; sourceTree = "<group>"; };
		058EF6491B73B003001AAE4E /* Base */ = {isa = PBXFileReference; lastKnownFileType = file.storyboard; name = Base; path = Base.lproj/Main.storyboard; sourceTree = "<group>"; };
		058EF64F1B73B003001AAE4E /* LeapLoggerTests.xctest */ = {isa = PBXFileReference; explicitFileType = wrapper.cfbundle; includeInIndex = 0; path = LeapLoggerTests.xctest; sourceTree = BUILT_PRODUCTS_DIR; };
		058EF6541B73B003001AAE4E /* Info.plist */ = {isa = PBXFileReference; lastKnownFileType = text.plist.xml; path = Info.plist; sourceTree = "<group>"; };
		058EF66A1B73B954001AAE4E /* Listener.h */ = {isa = PBXFileReference; fileEncoding = 4; lastKnownFileType = sourcecode.c.h; path = Listener.h; sourceTree = "<group>"; };
		058EF66B1B73B954001AAE4E /* Listener.m */ = {isa = PBXFileReference; fileEncoding = 4; lastKnownFileType = sourcecode.c.objc; path = Listener.m; sourceTree = "<group>"; };
		058EF6701B73FBAA001AAE4E /* CsvLogger.h */ = {isa = PBXFileReference; fileEncoding = 4; lastKnownFileType = sourcecode.c.h; path = CsvLogger.h; sourceTree = "<group>"; };
		058EF6711B73FBAA001AAE4E /* CsvLogger.m */ = {isa = PBXFileReference; fileEncoding = 4; lastKnownFileType = sourcecode.c.objc; path = CsvLogger.m; sourceTree = "<group>"; };
		058EF6751B741F0C001AAE4E /* CsvLoggerTests.m */ = {isa = PBXFileReference; fileEncoding = 4; lastKnownFileType = sourcecode.c.objc; path = CsvLoggerTests.m; sourceTree = "<group>"; };
/* End PBXFileReference section */

/* Begin PBXFrameworksBuildPhase section */
		058EF6361B73B003001AAE4E /* Frameworks */ = {
			isa = PBXFrameworksBuildPhase;
			buildActionMask = 2147483647;
			files = (
				058C8E741B9AAFE600BD7699 /* libLeap.dylib in Frameworks */,
			);
			runOnlyForDeploymentPostprocessing = 0;
		};
		058EF64C1B73B003001AAE4E /* Frameworks */ = {
			isa = PBXFrameworksBuildPhase;
			buildActionMask = 2147483647;
			files = (
			);
			runOnlyForDeploymentPostprocessing = 0;
		};
/* End PBXFrameworksBuildPhase section */

/* Begin PBXGroup section */
		058EF6301B73B003001AAE4E = {
			isa = PBXGroup;
			children = (
				058EF65F1B73B6A3001AAE4E /* LeapSDK */,
				058EF63B1B73B003001AAE4E /* LeapLogger */,
				058EF6521B73B003001AAE4E /* LeapLoggerTests */,
				058EF63A1B73B003001AAE4E /* Products */,
			);
			sourceTree = "<group>";
		};
		058EF63A1B73B003001AAE4E /* Products */ = {
			isa = PBXGroup;
			children = (
				058EF6391B73B003001AAE4E /* LeapLogger.app */,
				058EF64F1B73B003001AAE4E /* LeapLoggerTests.xctest */,
			);
			name = Products;
			sourceTree = "<group>";
		};
		058EF63B1B73B003001AAE4E /* LeapLogger */ = {
			isa = PBXGroup;
			children = (
				058EF6691B73B941001AAE4E /* Leap */,
				058EF63E1B73B003001AAE4E /* AppDelegate.h */,
				058EF63F1B73B003001AAE4E /* AppDelegate.m */,
				058EF6431B73B003001AAE4E /* ViewController.h */,
				058EF6441B73B003001AAE4E /* ViewController.m */,
				058EF6461B73B003001AAE4E /* Images.xcassets */,
				058EF6481B73B003001AAE4E /* Main.storyboard */,
				058EF63C1B73B003001AAE4E /* Supporting Files */,
			);
			path = LeapLogger;
			sourceTree = "<group>";
		};
		058EF63C1B73B003001AAE4E /* Supporting Files */ = {
			isa = PBXGroup;
			children = (
				058EF63D1B73B003001AAE4E /* Info.plist */,
				058EF6411B73B003001AAE4E /* main.m */,
			);
			name = "Supporting Files";
			sourceTree = "<group>";
		};
		058EF6521B73B003001AAE4E /* LeapLoggerTests */ = {
			isa = PBXGroup;
			children = (
				058EF6731B741ED0001AAE4E /* Leap */,
				058EF6531B73B003001AAE4E /* Supporting Files */,
			);
			path = LeapLoggerTests;
			sourceTree = "<group>";
		};
		058EF6531B73B003001AAE4E /* Supporting Files */ = {
			isa = PBXGroup;
			children = (
				058EF6541B73B003001AAE4E /* Info.plist */,
			);
			name = "Supporting Files";
			sourceTree = "<group>";
		};
		058EF65F1B73B6A3001AAE4E /* LeapSDK */ = {
			isa = PBXGroup;
			children = (
				058EF6601B73B6B3001AAE4E /* include */,
				058EF6611B73B6BB001AAE4E /* lib */,
			);
			name = LeapSDK;
			sourceTree = "<group>";
		};
		058EF6601B73B6B3001AAE4E /* include */ = {
			isa = PBXGroup;
			children = (
				058C8E6E1B9AAFD200BD7699 /* Leap.h */,
				058C8E6F1B9AAFD200BD7699 /* LeapMath.h */,
				058C8E701B9AAFD200BD7699 /* LeapObjectiveC.h */,
				058C8E711B9AAFD200BD7699 /* LeapObjectiveC.mm */,
			);
			name = include;
			sourceTree = "<group>";
		};
		058EF6611B73B6BB001AAE4E /* lib */ = {
			isa = PBXGroup;
			children = (
				058C8E731B9AAFE600BD7699 /* libLeap.dylib */,
			);
			name = lib;
			sourceTree = "<group>";
		};
		058EF6691B73B941001AAE4E /* Leap */ = {
			isa = PBXGroup;
			children = (
				058EF66F1B73FB85001AAE4E /* Logger */,
				058EF66A1B73B954001AAE4E /* Listener.h */,
				058EF66B1B73B954001AAE4E /* Listener.m */,
			);
			name = Leap;
			sourceTree = "<group>";
		};
		058EF66F1B73FB85001AAE4E /* Logger */ = {
			isa = PBXGroup;
			children = (
				058EF6701B73FBAA001AAE4E /* CsvLogger.h */,
				058EF6711B73FBAA001AAE4E /* CsvLogger.m */,
			);
			name = Logger;
			sourceTree = "<group>";
		};
		058EF6731B741ED0001AAE4E /* Leap */ = {
			isa = PBXGroup;
			children = (
				058EF6741B741ED9001AAE4E /* Logger */,
			);
			name = Leap;
			sourceTree = "<group>";
		};
		058EF6741B741ED9001AAE4E /* Logger */ = {
			isa = PBXGroup;
			children = (
				058EF6751B741F0C001AAE4E /* CsvLoggerTests.m */,
			);
			name = Logger;
			sourceTree = "<group>";
		};
/* End PBXGroup section */

/* Begin PBXNativeTarget section */
		058EF6381B73B003001AAE4E /* LeapLogger */ = {
			isa = PBXNativeTarget;
			buildConfigurationList = 058EF6591B73B003001AAE4E /* Build configuration list for PBXNativeTarget "LeapLogger" */;
			buildPhases = (
				058EF6351B73B003001AAE4E /* Sources */,
				058EF6361B73B003001AAE4E /* Frameworks */,
				058EF6371B73B003001AAE4E /* Resources */,
				058EF66D1B73BBC6001AAE4E /* CopyFiles */,
			);
			buildRules = (
			);
			dependencies = (
			);
			name = LeapLogger;
			productName = LeapLogger;
			productReference = 058EF6391B73B003001AAE4E /* LeapLogger.app */;
			productType = "com.apple.product-type.application";
		};
		058EF64E1B73B003001AAE4E /* LeapLoggerTests */ = {
			isa = PBXNativeTarget;
			buildConfigurationList = 058EF65C1B73B003001AAE4E /* Build configuration list for PBXNativeTarget "LeapLoggerTests" */;
			buildPhases = (
				058EF64B1B73B003001AAE4E /* Sources */,
				058EF64C1B73B003001AAE4E /* Frameworks */,
				058EF64D1B73B003001AAE4E /* Resources */,
			);
			buildRules = (
			);
			dependencies = (
				058EF6511B73B003001AAE4E /* PBXTargetDependency */,
			);
			name = LeapLoggerTests;
			productName = LeapLoggerTests;
			productReference = 058EF64F1B73B003001AAE4E /* LeapLoggerTests.xctest */;
			productType = "com.apple.product-type.bundle.unit-test";
		};
/* End PBXNativeTarget section */

/* Begin PBXProject section */
		058EF6311B73B003001AAE4E /* Project object */ = {
			isa = PBXProject;
			attributes = {
				LastUpgradeCheck = 0700;
				ORGANIZATIONNAME = Lucky;
				TargetAttributes = {
					058EF6381B73B003001AAE4E = {
						CreatedOnToolsVersion = 6.4;
						SystemCapabilities = {
							com.apple.Sandbox = {
								enabled = 0;
							};
						};
					};
					058EF64E1B73B003001AAE4E = {
						CreatedOnToolsVersion = 6.4;
						TestTargetID = 058EF6381B73B003001AAE4E;
					};
				};
			};
			buildConfigurationList = 058EF6341B73B003001AAE4E /* Build configuration list for PBXProject "LeapLogger" */;
			compatibilityVersion = "Xcode 6.3";
			developmentRegion = English;
			hasScannedForEncodings = 0;
			knownRegions = (
				en,
				Base,
			);
			mainGroup = 058EF6301B73B003001AAE4E;
			productRefGroup = 058EF63A1B73B003001AAE4E /* Products */;
			projectDirPath = "";
			projectRoot = "";
			targets = (
				058EF6381B73B003001AAE4E /* LeapLogger */,
				058EF64E1B73B003001AAE4E /* LeapLoggerTests */,
			);
		};
/* End PBXProject section */

/* Begin PBXResourcesBuildPhase section */
		058EF6371B73B003001AAE4E /* Resources */ = {
			isa = PBXResourcesBuildPhase;
			buildActionMask = 2147483647;
			files = (
				058EF6471B73B003001AAE4E /* Images.xcassets in Resources */,
				058EF64A1B73B003001AAE4E /* Main.storyboard in Resources */,
			);
			runOnlyForDeploymentPostprocessing = 0;
		};
		058EF64D1B73B003001AAE4E /* Resources */ = {
			isa = PBXResourcesBuildPhase;
			buildActionMask = 2147483647;
			files = (
			);
			runOnlyForDeploymentPostprocessing = 0;
		};
/* End PBXResourcesBuildPhase section */

/* Begin PBXSourcesBuildPhase section */
		058EF6351B73B003001AAE4E /* Sources */ = {
			isa = PBXSourcesBuildPhase;
			buildActionMask = 2147483647;
			files = (
				058EF6451B73B003001AAE4E /* ViewController.m in Sources */,
				058EF6721B73FBAA001AAE4E /* CsvLogger.m in Sources */,
				058EF6421B73B003001AAE4E /* main.m in Sources */,
				058C8E721B9AAFD200BD7699 /* LeapObjectiveC.mm in Sources */,
				058EF66C1B73B954001AAE4E /* Listener.m in Sources */,
				058EF6401B73B003001AAE4E /* AppDelegate.m in Sources */,
			);
			runOnlyForDeploymentPostprocessing = 0;
		};
		058EF64B1B73B003001AAE4E /* Sources */ = {
			isa = PBXSourcesBuildPhase;
			buildActionMask = 2147483647;
			files = (
				058EF6761B741F0C001AAE4E /* CsvLoggerTests.m in Sources */,
			);
			runOnlyForDeploymentPostprocessing = 0;
		};
/* End PBXSourcesBuildPhase section */

/* Begin PBXTargetDependency section */
		058EF6511B73B003001AAE4E /* PBXTargetDependency */ = {
			isa = PBXTargetDependency;
			target = 058EF6381B73B003001AAE4E /* LeapLogger */;
			targetProxy = 058EF6501B73B003001AAE4E /* PBXContainerItemProxy */;
		};
/* End PBXTargetDependency section */

/* Begin PBXVariantGroup section */
		058EF6481B73B003001AAE4E /* Main.storyboard */ = {
			isa = PBXVariantGroup;
			children = (
				058EF6491B73B003001AAE4E /* Base */,
			);
			name = Main.storyboard;
			sourceTree = "<group>";
		};
/* End PBXVariantGroup section */

/* Begin XCBuildConfiguration section */
		058EF6571B73B003001AAE4E /* Debug */ = {
			isa = XCBuildConfiguration;
			buildSettings = {
				ALWAYS_SEARCH_USER_PATHS = NO;
				CLANG_CXX_LANGUAGE_STANDARD = "gnu++0x";
				CLANG_CXX_LIBRARY = "libc++";
				CLANG_ENABLE_MODULES = YES;
				CLANG_ENABLE_OBJC_ARC = YES;
				CLANG_WARN_BOOL_CONVERSION = YES;
				CLANG_WARN_CONSTANT_CONVERSION = YES;
				CLANG_WARN_DIRECT_OBJC_ISA_USAGE = YES_ERROR;
				CLANG_WARN_EMPTY_BODY = YES;
				CLANG_WARN_ENUM_CONVERSION = YES;
				CLANG_WARN_INT_CONVERSION = YES;
				CLANG_WARN_OBJC_ROOT_CLASS = YES_ERROR;
				CLANG_WARN_UNREACHABLE_CODE = YES;
				CLANG_WARN__DUPLICATE_METHOD_MATCH = YES;
				CODE_SIGN_IDENTITY = "-";
				COPY_PHASE_STRIP = NO;
				DEBUG_INFORMATION_FORMAT = dwarf;
				ENABLE_STRICT_OBJC_MSGSEND = YES;
				ENABLE_TESTABILITY = YES;
				GCC_C_LANGUAGE_STANDARD = gnu99;
				GCC_DYNAMIC_NO_PIC = NO;
				GCC_NO_COMMON_BLOCKS = YES;
				GCC_OPTIMIZATION_LEVEL = 0;
				GCC_PREPROCESSOR_DEFINITIONS = (
					"DEBUG=1",
					"$(inherited)",
				);
				GCC_SYMBOLS_PRIVATE_EXTERN = NO;
				GCC_WARN_64_TO_32_BIT_CONVERSION = YES;
				GCC_WARN_ABOUT_RETURN_TYPE = YES_ERROR;
				GCC_WARN_UNDECLARED_SELECTOR = YES;
				GCC_WARN_UNINITIALIZED_AUTOS = YES_AGGRESSIVE;
				GCC_WARN_UNUSED_FUNCTION = YES;
				GCC_WARN_UNUSED_VARIABLE = YES;
				MACOSX_DEPLOYMENT_TARGET = 10.10;
				MTL_ENABLE_DEBUG_INFO = YES;
				ONLY_ACTIVE_ARCH = YES;
				SDKROOT = macosx;
			};
			name = Debug;
		};
		058EF6581B73B003001AAE4E /* Release */ = {
			isa = XCBuildConfiguration;
			buildSettings = {
				ALWAYS_SEARCH_USER_PATHS = NO;
				CLANG_CXX_LANGUAGE_STANDARD = "gnu++0x";
				CLANG_CXX_LIBRARY = "libc++";
				CLANG_ENABLE_MODULES = YES;
				CLANG_ENABLE_OBJC_ARC = YES;
				CLANG_WARN_BOOL_CONVERSION = YES;
				CLANG_WARN_CONSTANT_CONVERSION = YES;
				CLANG_WARN_DIRECT_OBJC_ISA_USAGE = YES_ERROR;
				CLANG_WARN_EMPTY_BODY = YES;
				CLANG_WARN_ENUM_CONVERSION = YES;
				CLANG_WARN_INT_CONVERSION = YES;
				CLANG_WARN_OBJC_ROOT_CLASS = YES_ERROR;
				CLANG_WARN_UNREACHABLE_CODE = YES;
				CLANG_WARN__DUPLICATE_METHOD_MATCH = YES;
				CODE_SIGN_IDENTITY = "-";
				COPY_PHASE_STRIP = NO;
				DEBUG_INFORMATION_FORMAT = "dwarf-with-dsym";
				ENABLE_NS_ASSERTIONS = NO;
				ENABLE_STRICT_OBJC_MSGSEND = YES;
				GCC_C_LANGUAGE_STANDARD = gnu99;
				GCC_NO_COMMON_BLOCKS = YES;
				GCC_WARN_64_TO_32_BIT_CONVERSION = YES;
				GCC_WARN_ABOUT_RETURN_TYPE = YES_ERROR;
				GCC_WARN_UNDECLARED_SELECTOR = YES;
				GCC_WARN_UNINITIALIZED_AUTOS = YES_AGGRESSIVE;
				GCC_WARN_UNUSED_FUNCTION = YES;
				GCC_WARN_UNUSED_VARIABLE = YES;
				MACOSX_DEPLOYMENT_TARGET = 10.10;
				MTL_ENABLE_DEBUG_INFO = NO;
				SDKROOT = macosx;
			};
			name = Release;
		};
		058EF65A1B73B003001AAE4E /* Debug */ = {
			isa = XCBuildConfiguration;
			buildSettings = {
				ASSETCATALOG_COMPILER_APPICON_NAME = AppIcon;
				COMBINE_HIDPI_IMAGES = YES;
				INFOPLIST_FILE = LeapLogger/Info.plist;
				LD_RUNPATH_SEARCH_PATHS = "$(inherited) @executable_path/../Frameworks";
				LIBRARY_SEARCH_PATHS = (
					"$(inherited)",
					"$(PROJECT_DIR)",
				);
				MACOSX_DEPLOYMENT_TARGET = 10.10;
				PRODUCT_BUNDLE_IDENTIFIER = "info.kouken-party.$(PRODUCT_NAME:rfc1034identifier)";
				PRODUCT_NAME = "$(TARGET_NAME)";
			};
			name = Debug;
		};
		058EF65B1B73B003001AAE4E /* Release */ = {
			isa = XCBuildConfiguration;
			buildSettings = {
				ASSETCATALOG_COMPILER_APPICON_NAME = AppIcon;
				COMBINE_HIDPI_IMAGES = YES;
				INFOPLIST_FILE = LeapLogger/Info.plist;
				LD_RUNPATH_SEARCH_PATHS = "$(inherited) @executable_path/../Frameworks";
				LIBRARY_SEARCH_PATHS = (
					"$(inherited)",
					"$(PROJECT_DIR)",
				);
				MACOSX_DEPLOYMENT_TARGET = 10.10;
				PRODUCT_BUNDLE_IDENTIFIER = "info.kouken-party.$(PRODUCT_NAME:rfc1034identifier)";
				PRODUCT_NAME = "$(TARGET_NAME)";
			};
			name = Release;
		};
		058EF65D1B73B003001AAE4E /* Debug */ = {
			isa = XCBuildConfiguration;
			buildSettings = {
				BUNDLE_LOADER = "$(TEST_HOST)";
				COMBINE_HIDPI_IMAGES = YES;
				FRAMEWORK_SEARCH_PATHS = (
					"$(DEVELOPER_FRAMEWORKS_DIR)",
					"$(inherited)",
				);
				GCC_PREPROCESSOR_DEFINITIONS = (
					"DEBUG=1",
					"$(inherited)",
				);
				INFOPLIST_FILE = LeapLoggerTests/Info.plist;
				LD_RUNPATH_SEARCH_PATHS = "$(inherited) @executable_path/../Frameworks @loader_path/../Frameworks";
				PRODUCT_BUNDLE_IDENTIFIER = "info.kouken-party.$(PRODUCT_NAME:rfc1034identifier)";
				PRODUCT_NAME = "$(TARGET_NAME)";
				TEST_HOST = "$(BUILT_PRODUCTS_DIR)/LeapLogger.app/Contents/MacOS/LeapLogger";
			};
			name = Debug;
		};
		058EF65E1B73B003001AAE4E /* Release */ = {
			isa = XCBuildConfiguration;
			buildSettings = {
				BUNDLE_LOADER = "$(TEST_HOST)";
				COMBINE_HIDPI_IMAGES = YES;
				FRAMEWORK_SEARCH_PATHS = (
					"$(DEVELOPER_FRAMEWORKS_DIR)",
					"$(inherited)",
				);
				INFOPLIST_FILE = LeapLoggerTests/Info.plist;
				LD_RUNPATH_SEARCH_PATHS = "$(inherited) @executable_path/../Frameworks @loader_path/../Frameworks";
				PRODUCT_BUNDLE_IDENTIFIER = "info.kouken-party.$(PRODUCT_NAME:rfc1034identifier)";
				PRODUCT_NAME = "$(TARGET_NAME)";
				TEST_HOST = "$(BUILT_PRODUCTS_DIR)/LeapLogger.app/Contents/MacOS/LeapLogger";
			};
			name = Release;
		};
/* End XCBuildConfiguration section */

/* Begin XCConfigurationList section */
		058EF6341B73B003001AAE4E /* Build configuration list for PBXProject "LeapLogger" */ = {
			isa = XCConfigurationList;
			buildConfigurations = (
				058EF6571B73B003001AAE4E /* Debug */,
				058EF6581B73B003001AAE4E /* Release */,
			);
			defaultConfigurationIsVisible = 0;
			defaultConfigurationName = Release;
		};
		058EF6591B73B003001AAE4E /* Build configuration list for PBXNativeTarget "LeapLogger" */ = {
			isa = XCConfigurationList;
			buildConfigurations = (
				058EF65A1B73B003001AAE4E /* Debug */,
				058EF65B1B73B003001AAE4E /* Release */,
			);
			defaultConfigurationIsVisible = 0;
			defaultConfigurationName = Release;
		};
		058EF65C1B73B003001AAE4E /* Build configuration list for PBXNativeTarget "LeapLoggerTests" */ = {
			isa = XCConfigurationList;
			buildConfigurations = (
				058EF65D1B73B003001AAE4E /* Debug */,
				058EF65E1B73B003001AAE4E /* Release */,
			);
			defaultConfigurationIsVisible = 0;
			defaultConfigurationName = Release;
		};
/* End XCConfigurationList section */
	};
	rootObject = 058EF6311B73B003001AAE4E /* Project object */;
}
